
Microsoft Visual Studio Solution File, Format Version 12.00
# Visual Studio Version 17
VisualStudioVersion = 17.1.32319.34
MinimumVisualStudioVersion = 10.0.40219.1
Project("{FAE04EC0-301F-11D3-BF4B-00C04F79EFBC}") = "E470 Code Exercise", "E470 Code Exercise.csproj", "{7E34BAAC-D212-469D-A712-81935E2BB647}"
EndProject
Global
	GlobalSection(SolutionConfigurationPlatforms) = preSolution
		Debug|Any CPU = Debug|Any CPU
		Release|Any CPU = Release|Any CPU
	EndGlobalSection
	GlobalSection(ProjectConfigurationPlatforms) = postSolution
		{7E34BAAC-D212-469D-A712-81935E2BB647}.Debug|Any CPU.ActiveCfg = Debug|Any CPU
		{7E34BAAC-D212-469D-A712-81935E2BB647}.Debug|Any CPU.Build.0 = Debug|Any CPU
		{7E34BAAC-D212-469D-A712-81935E2BB647}.Release|Any CPU.ActiveCfg = Release|Any CPU
		{7E34BAAC-D212-469D-A712-81935E2BB647}.Release|Any CPU.Build.0 = Release|Any CPU
	EndGlobalSection
	GlobalSection(SolutionProperties) = preSolution
		HideSolutionNode = FALSE
	EndGlobalSection
	GlobalSection(ExtensibilityGlobals) = postSolution
		SolutionGuid = {C2CDC0D0-2274-49CF-BECC-B4006BA33B01}
	EndGlobalSection
EndGlobal
